// !$*UTF8*$!
{
	archiveVersion = 1;
	classes = {
	};
	objectVersion = 56;
	objects = {

/* Begin PBXBuildFile section */
		AA01 /* DualCamApp.swift in Sources */ = {isa = PBXBuildFile; fileRef = FA01 /* DualCamApp.swift */; };
		AA02 /* ContentView.swift in Sources */ = {isa = PBXBuildFile; fileRef = FA02 /* ContentView.swift */; };
		AA03 /* CameraManager.swift in Sources */ = {isa = PBXBuildFile; fileRef = FA03 /* CameraManager.swift */; };
		AA04 /* CameraView.swift in Sources */ = {isa = PBXBuildFile; fileRef = FA04 /* CameraView.swift */; };
		AA05 /* Info.plist in Resources */ = {isa = PBXBuildFile; fileRef = FA05 /* Info.plist */; };
/* End PBXBuildFile section */

/* Begin PBXFileReference section */
		FA01 /* DualCamApp.swift */ = {isa = PBXFileReference; lastKnownFileType = sourcecode.swift; path = DualCamApp.swift; sourceTree = "<group>"; };
		FA02 /* ContentView.swift */ = {isa = PBXFileReference; lastKnownFileType = sourcecode.swift; path = ContentView.swift; sourceTree = "<group>"; };
		FA03 /* CameraManager.swift */ = {isa = PBXFileReference; lastKnownFileType = sourcecode.swift; path = CameraManager.swift; sourceTree = "<group>"; };
		FA04 /* CameraView.swift */ = {isa = PBXFileReference; lastKnownFileType = sourcecode.swift; path = CameraView.swift; sourceTree = "<group>"; };
		FA05 /* Info.plist */ = {isa = PBXFileReference; lastKnownFileType = text.plist.xml; path = Info.plist; sourceTree = "<group>"; };
		FAPP /* DualCamApp.app */ = {isa = PBXFileReference; explicitFileType = wrapper.application; includeInIndex = 0; path = DualCamApp.app; sourceTree = BUILT_PRODUCTS_DIR; };
/* End PBXFileReference section */

/* Begin PBXGroup section */
		GRP_MAIN = {
			isa = PBXGroup;
			children = (
				GRP_APP,
				GRP_PROD,
			);
			sourceTree = "<group>";
		};
		GRP_APP = {
			isa = PBXGroup;
			children = (
				GRP_SRC,
				GRP_RES,
			);
			name = DualCamApp;
			path = DualCamApp;
			sourceTree = "<group>";
		};
		GRP_SRC = {
			isa = PBXGroup;
			children = (
				FA01,
				FA02,
				FA03,
				FA04,
			);
			name = Sources;
			path = Sources;
			sourceTree = "<group>";
		};
		GRP_RES = {
			isa = PBXGroup;
			children = (
				FA05,
			);
			name = Resources;
			path = Resources;
			sourceTree = "<group>";
		};
		GRP_PROD = {
			isa = PBXGroup;
			children = (
				FAPP,
			);
			name = Products;
			sourceTree = "<group>";
		};
/* End PBXGroup section */

/* Begin PBXNativeTarget section */
		TGT_APP /* DualCamApp */ = {
			isa = PBXNativeTarget;
			buildConfigurationList = BCL_APP;
			buildPhases = (
				PH_SRC,
				PH_RES,
			);
			buildRules = ();
			dependencies = ();
			name = DualCamApp;
			productName = DualCamApp;
			productReference = FAPP;
			productType = "com.apple.product-type.application";
		};
/* End PBXNativeTarget section */

/* Begin PBXProject section */
		PROJ /* Project object */ = {
			isa = PBXProject;
			attributes = {
				BuildIndependentTargetsInParallel = 1;
				LastSwiftUpdateCheck = 1500;
				LastUpgradeCheck = 1500;
				TargetAttributes = {
					TGT_APP = {
						CreatedOnToolsVersion = 15.0;
					};
				};
			};
			buildConfigurationList = BCL_PROJ;
			compatibilityVersion = "Xcode 14.0";
			developmentRegion = fr;
			hasScannedForEncodings = 0;
			knownRegions = (
				en,
				fr,
				Base,
			);
			mainGroup = GRP_MAIN;
			productRefGroup = GRP_PROD;
			projectDirPath = "";
			projectRoot = "";
			targets = (
				TGT_APP,
			);
		};
/* End PBXProject section */

/* Begin PBXResourcesBuildPhase section */
		PH_RES /* Resources */ = {
			isa = PBXResourcesBuildPhase;
			buildActionMask = 2147483647;
			files = (
				AA05,
			);
			runOnlyForDeploymentPostprocessing = 0;
		};
/* End PBXResourcesBuildPhase section */

/* Begin PBXSourcesBuildPhase section */
		PH_SRC /* Sources */ = {
			isa = PBXSourcesBuildPhase;
			buildActionMask = 2147483647;
			files = (
				AA01,
				AA02,
				AA03,
				AA04,
			);
			runOnlyForDeploymentPostprocessing = 0;
		};
/* End PBXSourcesBuildPhase section */

/* Begin XCBuildConfiguration section */
		BC_PROJ_DEBUG /* Debug */ = {
			isa = XCBuildConfiguration;
			buildSettings = {
				ALWAYS_SEARCH_USER_PATHS = NO;
				CLANG_ANALYZER_NONNULL = YES;
				CLANG_CXX_LANGUAGE_STANDARD = "gnu++20";
				CODE_SIGN_STYLE = Automatic;
				COPY_PHASE_STRIP = NO;
				DEBUG_INFORMATION_FORMAT = dwarf;
				ENABLE_STRICT_OBJC_MSGSEND = YES;
				GCC_C_LANGUAGE_STANDARD = gnu17;
				GCC_DYNAMIC_NO_PIC = NO;
				GCC_OPTIMIZATION_LEVEL = 0;
				MTL_ENABLE_DEBUG_INFO = INCLUDE_SOURCE;
				ONLY_ACTIVE_ARCH = YES;
				SDKROOT = iphoneos;
				SWIFT_ACTIVE_COMPILATION_CONDITIONS = DEBUG;
				SWIFT_OPTIMIZATION_LEVEL = "-Onone";
			};
			name = Debug;
		};
		BC_PROJ_RELEASE /* Release */ = {
			isa = XCBuildConfiguration;
			buildSettings = {
				ALWAYS_SEARCH_USER_PATHS = NO;
				CLANG_ANALYZER_NONNULL = YES;
				CLANG_CXX_LANGUAGE_STANDARD = "gnu++20";
				CODE_SIGN_STYLE = Automatic;
				COPY_PHASE_STRIP = NO;
				DEBUG_INFORMATION_FORMAT = "dwarf-with-dsym";
				ENABLE_STRICT_OBJC_MSGSEND = YES;
				GCC_C_LANGUAGE_STANDARD = gnu17;
				MTL_ENABLE_DEBUG_INFO = NO;
				SDKROOT = iphoneos;
				SWIFT_COMPILATION_MODE = wholemodule;
				SWIFT_OPTIMIZATION_LEVEL = "-O";
				VALIDATE_PRODUCT = YES;
			};
			name = Release;
		};
		BC_APP_DEBUG /* Debug */ = {
			isa = XCBuildConfiguration;
			buildSettings = {
				ASSETCATALOG_COMPILER_APPICON_NAME = AppIcon;
				BUNDLE_IDENTIFIER = com.remy.dualcam;
				CODE_SIGN_STYLE = Automatic;
				CURRENT_PROJECT_VERSION = 1;
				DEVELOPMENT_TEAM = "";
				GENERATE_INFOPLIST_FILE = NO;
				INFOPLIST_FILE = DualCamApp/Resources/Info.plist;
				IPHONEOS_DEPLOYMENT_TARGET = 16.0;
				LD_RUNPATH_SEARCH_PATHS = "@executable_path/Frameworks";
				MARKETING_VERSION = 1.0;
				PRODUCT_BUNDLE_IDENTIFIER = com.remy.dualcam;
				PRODUCT_NAME = DualCamApp;
				SWIFT_EMIT_LOC_STRINGS = YES;
				SWIFT_VERSION = 5.0;
				TARGETED_DEVICE_FAMILY = 1;
			};
			name = Debug;
		};
		BC_APP_RELEASE /* Release */ = {
			isa = XCBuildConfiguration;
			buildSettings = {
				ASSETCATALOG_COMPILER_APPICON_NAME = AppIcon;
				BUNDLE_IDENTIFIER = com.remy.dualcam;
				CODE_SIGN_STYLE = Automatic;
				CURRENT_PROJECT_VERSION = 1;
				DEVELOPMENT_TEAM = "";
				GENERATE_INFOPLIST_FILE = NO;
				INFOPLIST_FILE = DualCamApp/Resources/Info.plist;
				IPHONEOS_DEPLOYMENT_TARGET = 16.0;
				LD_RUNPATH_SEARCH_PATHS = "@executable_path/Frameworks";
				MARKETING_VERSION = 1.0;
				PRODUCT_BUNDLE_IDENTIFIER = com.remy.dualcam;
				PRODUCT_NAME = DualCamApp;
				SWIFT_EMIT_LOC_STRINGS = YES;
				SWIFT_VERSION = 5.0;
				TARGETED_DEVICE_FAMILY = 1;
			};
			name = Release;
		};
/* End XCBuildConfiguration section */

/* Begin XCConfigurationList section */
		BCL_PROJ /* Build configuration list for PBXProject "DualCamApp" */ = {
			isa = XCConfigurationList;
			buildConfigurations = (
				BC_PROJ_DEBUG,
				BC_PROJ_RELEASE,
			);
			defaultConfigurationIsVisible = 0;
			defaultConfigurationName = Release;
		};
		BCL_APP /* Build configuration list for PBXNativeTarget "DualCamApp" */ = {
			isa = XCConfigurationList;
			buildConfigurations = (
				BC_APP_DEBUG,
				BC_APP_RELEASE,
			);
			defaultConfigurationIsVisible = 0;
			defaultConfigurationName = Release;
		};
/* End XCConfigurationList section */

	};
	rootObject = PROJ /* Project object */;
}
